
Microsoft Visual Studio Solution File, Format Version 12.00
# Visual Studio 15
VisualStudioVersion = 15.0.28307.852
MinimumVisualStudioVersion = 10.0.40219.1
Project("{8BC9CEB8-8B4A-11D0-8D11-00A0C91BC942}") = "Ornek4", "Ornek4\Ornek4.vcxproj", "{9ED7B63B-ECBC-4103-B265-6728BEB3DA1A}"
EndProject
Global
	GlobalSection(SolutionConfigurationPlatforms) = preSolution
		Debug|x64 = Debug|x64
		Debug|x86 = Debug|x86
		Release|x64 = Release|x64
		Release|x86 = Release|x86
	EndGlobalSection
	GlobalSection(ProjectConfigurationPlatforms) = postSolution
		{9ED7B63B-ECBC-4103-B265-6728BEB3DA1A}.Debug|x64.ActiveCfg = Debug|x64
		{9ED7B63B-ECBC-4103-B265-6728BEB3DA1A}.Debug|x64.Build.0 = Debug|x64
		{9ED7B63B-ECBC-4103-B265-6728BEB3DA1A}.Debug|x86.ActiveCfg = Debug|Win32
		{9ED7B63B-ECBC-4103-B265-6728BEB3DA1A}.Debug|x86.Build.0 = Debug|Win32
		{9ED7B63B-ECBC-4103-B265-6728BEB3DA1A}.Release|x64.ActiveCfg = Release|x64
		{9ED7B63B-ECBC-4103-B265-6728BEB3DA1A}.Release|x64.Build.0 = Release|x64
		{9ED7B63B-ECBC-4103-B265-6728BEB3DA1A}.Release|x86.ActiveCfg = Release|Win32
		{9ED7B63B-ECBC-4103-B265-6728BEB3DA1A}.Release|x86.Build.0 = Release|Win32
	EndGlobalSection
	GlobalSection(SolutionProperties) = preSolution
		HideSolutionNode = FALSE
	EndGlobalSection
	GlobalSection(ExtensibilityGlobals) = postSolution
		SolutionGuid = {8D4339D2-80C9-4199-9713-9E4A6236403F}
	EndGlobalSection
EndGlobal
