
Microsoft Visual Studio Solution File, Format Version 12.00
# Visual Studio 15
VisualStudioVersion = 15.0.28307.852
MinimumVisualStudioVersion = 10.0.40219.1
Project("{8BC9CEB8-8B4A-11D0-8D11-00A0C91BC942}") = "Ornek5", "Ornek5\Ornek5.vcxproj", "{1C655939-C69E-469C-B3D9-9AA5525FDFAD}"
EndProject
Global
	GlobalSection(SolutionConfigurationPlatforms) = preSolution
		Debug|x64 = Debug|x64
		Debug|x86 = Debug|x86
		Release|x64 = Release|x64
		Release|x86 = Release|x86
	EndGlobalSection
	GlobalSection(ProjectConfigurationPlatforms) = postSolution
		{1C655939-C69E-469C-B3D9-9AA5525FDFAD}.Debug|x64.ActiveCfg = Debug|x64
		{1C655939-C69E-469C-B3D9-9AA5525FDFAD}.Debug|x64.Build.0 = Debug|x64
		{1C655939-C69E-469C-B3D9-9AA5525FDFAD}.Debug|x86.ActiveCfg = Debug|Win32
		{1C655939-C69E-469C-B3D9-9AA5525FDFAD}.Debug|x86.Build.0 = Debug|Win32
		{1C655939-C69E-469C-B3D9-9AA5525FDFAD}.Release|x64.ActiveCfg = Release|x64
		{1C655939-C69E-469C-B3D9-9AA5525FDFAD}.Release|x64.Build.0 = Release|x64
		{1C655939-C69E-469C-B3D9-9AA5525FDFAD}.Release|x86.ActiveCfg = Release|Win32
		{1C655939-C69E-469C-B3D9-9AA5525FDFAD}.Release|x86.Build.0 = Release|Win32
	EndGlobalSection
	GlobalSection(SolutionProperties) = preSolution
		HideSolutionNode = FALSE
	EndGlobalSection
	GlobalSection(ExtensibilityGlobals) = postSolution
		SolutionGuid = {3ACDB8C8-0448-4030-9312-AD93FA9696A0}
	EndGlobalSection
EndGlobal
