
Microsoft Visual Studio Solution File, Format Version 12.00
# Visual Studio 15
VisualStudioVersion = 15.0.28307.852
MinimumVisualStudioVersion = 10.0.40219.1
Project("{8BC9CEB8-8B4A-11D0-8D11-00A0C91BC942}") = "Ornek3", "Ornek3\Ornek3.vcxproj", "{6FB7C199-18A9-42AF-819E-698E8EFBB3EF}"
EndProject
Global
	GlobalSection(SolutionConfigurationPlatforms) = preSolution
		Debug|x64 = Debug|x64
		Debug|x86 = Debug|x86
		Release|x64 = Release|x64
		Release|x86 = Release|x86
	EndGlobalSection
	GlobalSection(ProjectConfigurationPlatforms) = postSolution
		{6FB7C199-18A9-42AF-819E-698E8EFBB3EF}.Debug|x64.ActiveCfg = Debug|x64
		{6FB7C199-18A9-42AF-819E-698E8EFBB3EF}.Debug|x64.Build.0 = Debug|x64
		{6FB7C199-18A9-42AF-819E-698E8EFBB3EF}.Debug|x86.ActiveCfg = Debug|Win32
		{6FB7C199-18A9-42AF-819E-698E8EFBB3EF}.Debug|x86.Build.0 = Debug|Win32
		{6FB7C199-18A9-42AF-819E-698E8EFBB3EF}.Release|x64.ActiveCfg = Release|x64
		{6FB7C199-18A9-42AF-819E-698E8EFBB3EF}.Release|x64.Build.0 = Release|x64
		{6FB7C199-18A9-42AF-819E-698E8EFBB3EF}.Release|x86.ActiveCfg = Release|Win32
		{6FB7C199-18A9-42AF-819E-698E8EFBB3EF}.Release|x86.Build.0 = Release|Win32
	EndGlobalSection
	GlobalSection(SolutionProperties) = preSolution
		HideSolutionNode = FALSE
	EndGlobalSection
	GlobalSection(ExtensibilityGlobals) = postSolution
		SolutionGuid = {5B99B6EB-7942-4A8F-B7DD-9D482CC22A6C}
	EndGlobalSection
EndGlobal
