
Microsoft Visual Studio Solution File, Format Version 12.00
# Visual Studio 15
VisualStudioVersion = 15.0.28307.852
MinimumVisualStudioVersion = 10.0.40219.1
Project("{8BC9CEB8-8B4A-11D0-8D11-00A0C91BC942}") = "Ornek1", "Ornek1\Ornek1.vcxproj", "{A2B31B01-EB7C-4965-9CAC-90ABCFB7DE07}"
EndProject
Global
	GlobalSection(SolutionConfigurationPlatforms) = preSolution
		Debug|x64 = Debug|x64
		Debug|x86 = Debug|x86
		Release|x64 = Release|x64
		Release|x86 = Release|x86
	EndGlobalSection
	GlobalSection(ProjectConfigurationPlatforms) = postSolution
		{A2B31B01-EB7C-4965-9CAC-90ABCFB7DE07}.Debug|x64.ActiveCfg = Debug|x64
		{A2B31B01-EB7C-4965-9CAC-90ABCFB7DE07}.Debug|x64.Build.0 = Debug|x64
		{A2B31B01-EB7C-4965-9CAC-90ABCFB7DE07}.Debug|x86.ActiveCfg = Debug|Win32
		{A2B31B01-EB7C-4965-9CAC-90ABCFB7DE07}.Debug|x86.Build.0 = Debug|Win32
		{A2B31B01-EB7C-4965-9CAC-90ABCFB7DE07}.Release|x64.ActiveCfg = Release|x64
		{A2B31B01-EB7C-4965-9CAC-90ABCFB7DE07}.Release|x64.Build.0 = Release|x64
		{A2B31B01-EB7C-4965-9CAC-90ABCFB7DE07}.Release|x86.ActiveCfg = Release|Win32
		{A2B31B01-EB7C-4965-9CAC-90ABCFB7DE07}.Release|x86.Build.0 = Release|Win32
	EndGlobalSection
	GlobalSection(SolutionProperties) = preSolution
		HideSolutionNode = FALSE
	EndGlobalSection
	GlobalSection(ExtensibilityGlobals) = postSolution
		SolutionGuid = {88AC8A93-7D83-42A1-A7BF-CF58B79C89EB}
	EndGlobalSection
EndGlobal
