
Microsoft Visual Studio Solution File, Format Version 12.00
# Visual Studio 15
VisualStudioVersion = 15.0.28307.852
MinimumVisualStudioVersion = 10.0.40219.1
Project("{8BC9CEB8-8B4A-11D0-8D11-00A0C91BC942}") = "Ornek5", "Ornek5\Ornek5.vcxproj", "{B8ACDDEC-2275-4C0E-88AB-B86B95C3801F}"
EndProject
Global
	GlobalSection(SolutionConfigurationPlatforms) = preSolution
		Debug|x64 = Debug|x64
		Debug|x86 = Debug|x86
		Release|x64 = Release|x64
		Release|x86 = Release|x86
	EndGlobalSection
	GlobalSection(ProjectConfigurationPlatforms) = postSolution
		{B8ACDDEC-2275-4C0E-88AB-B86B95C3801F}.Debug|x64.ActiveCfg = Debug|x64
		{B8ACDDEC-2275-4C0E-88AB-B86B95C3801F}.Debug|x64.Build.0 = Debug|x64
		{B8ACDDEC-2275-4C0E-88AB-B86B95C3801F}.Debug|x86.ActiveCfg = Debug|Win32
		{B8ACDDEC-2275-4C0E-88AB-B86B95C3801F}.Debug|x86.Build.0 = Debug|Win32
		{B8ACDDEC-2275-4C0E-88AB-B86B95C3801F}.Release|x64.ActiveCfg = Release|x64
		{B8ACDDEC-2275-4C0E-88AB-B86B95C3801F}.Release|x64.Build.0 = Release|x64
		{B8ACDDEC-2275-4C0E-88AB-B86B95C3801F}.Release|x86.ActiveCfg = Release|Win32
		{B8ACDDEC-2275-4C0E-88AB-B86B95C3801F}.Release|x86.Build.0 = Release|Win32
	EndGlobalSection
	GlobalSection(SolutionProperties) = preSolution
		HideSolutionNode = FALSE
	EndGlobalSection
	GlobalSection(ExtensibilityGlobals) = postSolution
		SolutionGuid = {1516D1D0-2817-4D67-AB22-2E6B8B71F11D}
	EndGlobalSection
EndGlobal
